// !$*UTF8*$!
{
	archiveVersion = 1;
	classes = {
	};
	objectVersion = 46;
	objects = {

/* Begin PBXBuildFile section */
		2823B3281E09BD2000E803FF /* AppDelegate.swift in Sources */ = {isa = PBXBuildFile; fileRef = 2823B3271E09BD2000E803FF /* AppDelegate.swift */; };
		2823B32A1E09BD2000E803FF /* MainVC.swift in Sources */ = {isa = PBXBuildFile; fileRef = 2823B3291E09BD2000E803FF /* MainVC.swift */; };
		2823B32D1E09BD2000E803FF /* Main.storyboard in Resources */ = {isa = PBXBuildFile; fileRef = 2823B32B1E09BD2000E803FF /* Main.storyboard */; };
		2823B32F1E09BD2000E803FF /* Assets.xcassets in Resources */ = {isa = PBXBuildFile; fileRef = 2823B32E1E09BD2000E803FF /* Assets.xcassets */; };
		2823B3321E09BD2000E803FF /* LaunchScreen.storyboard in Resources */ = {isa = PBXBuildFile; fileRef = 2823B3301E09BD2000E803FF /* LaunchScreen.storyboard */; };
		2823B33D1E09C2E000E803FF /* still time.ttf in Resources */ = {isa = PBXBuildFile; fileRef = 2823B33C1E09C2E000E803FF /* still time.ttf */; };
		2823B3401E09C3EB00E803FF /* VideoVC.swift in Sources */ = {isa = PBXBuildFile; fileRef = 2823B33F1E09C3EB00E803FF /* VideoVC.swift */; };
		2823B3421E09C54D00E803FF /* PartyCellTableViewCell.swift in Sources */ = {isa = PBXBuildFile; fileRef = 2823B3411E09C54D00E803FF /* PartyCellTableViewCell.swift */; };
		2823B3441E09C87800E803FF /* PartyRock.swift in Sources */ = {isa = PBXBuildFile; fileRef = 2823B3431E09C87800E803FF /* PartyRock.swift */; };
/* End PBXBuildFile section */

/* Begin PBXFileReference section */
		2823B3241E09BD2000E803FF /* Party Rock.app */ = {isa = PBXFileReference; explicitFileType = wrapper.application; includeInIndex = 0; path = "Party Rock.app"; sourceTree = BUILT_PRODUCTS_DIR; };
		2823B3271E09BD2000E803FF /* AppDelegate.swift */ = {isa = PBXFileReference; lastKnownFileType = sourcecode.swift; path = AppDelegate.swift; sourceTree = "<group>"; };
		2823B3291E09BD2000E803FF /* MainVC.swift */ = {isa = PBXFileReference; lastKnownFileType = sourcecode.swift; path = MainVC.swift; sourceTree = "<group>"; };
		2823B32C1E09BD2000E803FF /* Base */ = {isa = PBXFileReference; lastKnownFileType = file.storyboard; name = Base; path = Base.lproj/Main.storyboard; sourceTree = "<group>"; };
		2823B32E1E09BD2000E803FF /* Assets.xcassets */ = {isa = PBXFileReference; lastKnownFileType = folder.assetcatalog; path = Assets.xcassets; sourceTree = "<group>"; };
		2823B3311E09BD2000E803FF /* Base */ = {isa = PBXFileReference; lastKnownFileType = file.storyboard; name = Base; path = Base.lproj/LaunchScreen.storyboard; sourceTree = "<group>"; };
		2823B3331E09BD2000E803FF /* Info.plist */ = {isa = PBXFileReference; lastKnownFileType = text.plist.xml; path = Info.plist; sourceTree = "<group>"; };
		2823B33C1E09C2E000E803FF /* still time.ttf */ = {isa = PBXFileReference; lastKnownFileType = file; path = "still time.ttf"; sourceTree = "<group>"; };
		2823B33F1E09C3EB00E803FF /* VideoVC.swift */ = {isa = PBXFileReference; fileEncoding = 4; lastKnownFileType = sourcecode.swift; path = VideoVC.swift; sourceTree = "<group>"; };
		2823B3411E09C54D00E803FF /* PartyCellTableViewCell.swift */ = {isa = PBXFileReference; fileEncoding = 4; lastKnownFileType = sourcecode.swift; path = PartyCellTableViewCell.swift; sourceTree = "<group>"; };
		2823B3431E09C87800E803FF /* PartyRock.swift */ = {isa = PBXFileReference; fileEncoding = 4; lastKnownFileType = sourcecode.swift; path = PartyRock.swift; sourceTree = "<group>"; };
/* End PBXFileReference section */

/* Begin PBXFrameworksBuildPhase section */
		2823B3211E09BD1F00E803FF /* Frameworks */ = {
			isa = PBXFrameworksBuildPhase;
			buildActionMask = 2147483647;
			files = (
			);
			runOnlyForDeploymentPostprocessing = 0;
		};
/* End PBXFrameworksBuildPhase section */

/* Begin PBXGroup section */
		2823B31B1E09BD1F00E803FF = {
			isa = PBXGroup;
			children = (
				2823B3261E09BD2000E803FF /* Party Rock */,
				2823B3251E09BD2000E803FF /* Products */,
			);
			sourceTree = "<group>";
		};
		2823B3251E09BD2000E803FF /* Products */ = {
			isa = PBXGroup;
			children = (
				2823B3241E09BD2000E803FF /* Party Rock.app */,
			);
			name = Products;
			sourceTree = "<group>";
		};
		2823B3261E09BD2000E803FF /* Party Rock */ = {
			isa = PBXGroup;
			children = (
				2823B33E1E09C38B00E803FF /* Files */,
				2823B3391E09BD6800E803FF /* Model */,
				2823B33A1E09BD7700E803FF /* View */,
				2823B33B1E09BD9600E803FF /* Controller */,
				2823B3271E09BD2000E803FF /* AppDelegate.swift */,
				2823B32B1E09BD2000E803FF /* Main.storyboard */,
				2823B32E1E09BD2000E803FF /* Assets.xcassets */,
				2823B3301E09BD2000E803FF /* LaunchScreen.storyboard */,
				2823B3331E09BD2000E803FF /* Info.plist */,
			);
			path = "Party Rock";
			sourceTree = "<group>";
		};
		2823B3391E09BD6800E803FF /* Model */ = {
			isa = PBXGroup;
			children = (
				2823B3431E09C87800E803FF /* PartyRock.swift */,
			);
			name = Model;
			sourceTree = "<group>";
		};
		2823B33A1E09BD7700E803FF /* View */ = {
			isa = PBXGroup;
			children = (
				2823B3411E09C54D00E803FF /* PartyCellTableViewCell.swift */,
			);
			name = View;
			sourceTree = "<group>";
		};
		2823B33B1E09BD9600E803FF /* Controller */ = {
			isa = PBXGroup;
			children = (
				2823B3291E09BD2000E803FF /* MainVC.swift */,
				2823B33F1E09C3EB00E803FF /* VideoVC.swift */,
			);
			name = Controller;
			sourceTree = "<group>";
		};
		2823B33E1E09C38B00E803FF /* Files */ = {
			isa = PBXGroup;
			children = (
				2823B33C1E09C2E000E803FF /* still time.ttf */,
			);
			name = Files;
			sourceTree = "<group>";
		};
/* End PBXGroup section */

/* Begin PBXNativeTarget section */
		2823B3231E09BD1F00E803FF /* Party Rock */ = {
			isa = PBXNativeTarget;
			buildConfigurationList = 2823B3361E09BD2000E803FF /* Build configuration list for PBXNativeTarget "Party Rock" */;
			buildPhases = (
				2823B3201E09BD1F00E803FF /* Sources */,
				2823B3211E09BD1F00E803FF /* Frameworks */,
				2823B3221E09BD1F00E803FF /* Resources */,
			);
			buildRules = (
			);
			dependencies = (
			);
			name = "Party Rock";
			productName = "Party Rock";
			productReference = 2823B3241E09BD2000E803FF /* Party Rock.app */;
			productType = "com.apple.product-type.application";
		};
/* End PBXNativeTarget section */

/* Begin PBXProject section */
		2823B31C1E09BD1F00E803FF /* Project object */ = {
			isa = PBXProject;
			attributes = {
				LastSwiftUpdateCheck = 0820;
				LastUpgradeCheck = 0820;
				ORGANIZATIONNAME = Billy;
				TargetAttributes = {
					2823B3231E09BD1F00E803FF = {
						CreatedOnToolsVersion = 8.2.1;
						DevelopmentTeam = BQ64AM57S3;
						ProvisioningStyle = Automatic;
					};
				};
			};
			buildConfigurationList = 2823B31F1E09BD1F00E803FF /* Build configuration list for PBXProject "Party Rock" */;
			compatibilityVersion = "Xcode 3.2";
			developmentRegion = English;
			hasScannedForEncodings = 0;
			knownRegions = (
				en,
				Base,
			);
			mainGroup = 2823B31B1E09BD1F00E803FF;
			productRefGroup = 2823B3251E09BD2000E803FF /* Products */;
			projectDirPath = "";
			projectRoot = "";
			targets = (
				2823B3231E09BD1F00E803FF /* Party Rock */,
			);
		};
/* End PBXProject section */

/* Begin PBXResourcesBuildPhase section */
		2823B3221E09BD1F00E803FF /* Resources */ = {
			isa = PBXResourcesBuildPhase;
			buildActionMask = 2147483647;
			files = (
				2823B3321E09BD2000E803FF /* LaunchScreen.storyboard in Resources */,
				2823B33D1E09C2E000E803FF /* still time.ttf in Resources */,
				2823B32F1E09BD2000E803FF /* Assets.xcassets in Resources */,
				2823B32D1E09BD2000E803FF /* Main.storyboard in Resources */,
			);
			runOnlyForDeploymentPostprocessing = 0;
		};
/* End PBXResourcesBuildPhase section */

/* Begin PBXSourcesBuildPhase section */
		2823B3201E09BD1F00E803FF /* Sources */ = {
			isa = PBXSourcesBuildPhase;
			buildActionMask = 2147483647;
			files = (
				2823B3401E09C3EB00E803FF /* VideoVC.swift in Sources */,
				2823B32A1E09BD2000E803FF /* MainVC.swift in Sources */,
				2823B3441E09C87800E803FF /* PartyRock.swift in Sources */,
				2823B3421E09C54D00E803FF /* PartyCellTableViewCell.swift in Sources */,
				2823B3281E09BD2000E803FF /* AppDelegate.swift in Sources */,
			);
			runOnlyForDeploymentPostprocessing = 0;
		};
/* End PBXSourcesBuildPhase section */

/* Begin PBXVariantGroup section */
		2823B32B1E09BD2000E803FF /* Main.storyboard */ = {
			isa = PBXVariantGroup;
			children = (
				2823B32C1E09BD2000E803FF /* Base */,
			);
			name = Main.storyboard;
			sourceTree = "<group>";
		};
		2823B3301E09BD2000E803FF /* LaunchScreen.storyboard */ = {
			isa = PBXVariantGroup;
			children = (
				2823B3311E09BD2000E803FF /* Base */,
			);
			name = LaunchScreen.storyboard;
			sourceTree = "<group>";
		};
/* End PBXVariantGroup section */

/* Begin XCBuildConfiguration section */
		2823B3341E09BD2000E803FF /* Debug */ = {
			isa = XCBuildConfiguration;
			buildSettings = {
				ALWAYS_SEARCH_USER_PATHS = NO;
				CLANG_ANALYZER_NONNULL = YES;
				CLANG_CXX_LANGUAGE_STANDARD = "gnu++0x";
				CLANG_CXX_LIBRARY = "libc++";
				CLANG_ENABLE_MODULES = YES;
				CLANG_ENABLE_OBJC_ARC = YES;
				CLANG_WARN_BOOL_CONVERSION = YES;
				CLANG_WARN_CONSTANT_CONVERSION = YES;
				CLANG_WARN_DIRECT_OBJC_ISA_USAGE = YES_ERROR;
				CLANG_WARN_DOCUMENTATION_COMMENTS = YES;
				CLANG_WARN_EMPTY_BODY = YES;
				CLANG_WARN_ENUM_CONVERSION = YES;
				CLANG_WARN_INFINITE_RECURSION = YES;
				CLANG_WARN_INT_CONVERSION = YES;
				CLANG_WARN_OBJC_ROOT_CLASS = YES_ERROR;
				CLANG_WARN_SUSPICIOUS_MOVE = YES;
				CLANG_WARN_UNREACHABLE_CODE = YES;
				CLANG_WARN__DUPLICATE_METHOD_MATCH = YES;
				"CODE_SIGN_IDENTITY[sdk=iphoneos*]" = "iPhone Developer";
				COPY_PHASE_STRIP = NO;
				DEBUG_INFORMATION_FORMAT = dwarf;
				ENABLE_STRICT_OBJC_MSGSEND = YES;
				ENABLE_TESTABILITY = YES;
				GCC_C_LANGUAGE_STANDARD = gnu99;
				GCC_DYNAMIC_NO_PIC = NO;
				GCC_NO_COMMON_BLOCKS = YES;
				GCC_OPTIMIZATION_LEVEL = 0;
				GCC_PREPROCESSOR_DEFINITIONS = (
					"DEBUG=1",
					"$(inherited)",
				);
				GCC_WARN_64_TO_32_BIT_CONVERSION = YES;
				GCC_WARN_ABOUT_RETURN_TYPE = YES_ERROR;
				GCC_WARN_UNDECLARED_SELECTOR = YES;
				GCC_WARN_UNINITIALIZED_AUTOS = YES_AGGRESSIVE;
				GCC_WARN_UNUSED_FUNCTION = YES;
				GCC_WARN_UNUSED_VARIABLE = YES;
				IPHONEOS_DEPLOYMENT_TARGET = 10.2;
				MTL_ENABLE_DEBUG_INFO = YES;
				ONLY_ACTIVE_ARCH = YES;
				SDKROOT = iphoneos;
				SWIFT_ACTIVE_COMPILATION_CONDITIONS = DEBUG;
				SWIFT_OPTIMIZATION_LEVEL = "-Onone";
			};
			name = Debug;
		};
		2823B3351E09BD2000E803FF /* Release */ = {
			isa = XCBuildConfiguration;
			buildSettings = {
				ALWAYS_SEARCH_USER_PATHS = NO;
				CLANG_ANALYZER_NONNULL = YES;
				CLANG_CXX_LANGUAGE_STANDARD = "gnu++0x";
				CLANG_CXX_LIBRARY = "libc++";
				CLANG_ENABLE_MODULES = YES;
				CLANG_ENABLE_OBJC_ARC = YES;
				CLANG_WARN_BOOL_CONVERSION = YES;
				CLANG_WARN_CONSTANT_CONVERSION = YES;
				CLANG_WARN_DIRECT_OBJC_ISA_USAGE = YES_ERROR;
				CLANG_WARN_DOCUMENTATION_COMMENTS = YES;
				CLANG_WARN_EMPTY_BODY = YES;
				CLANG_WARN_ENUM_CONVERSION = YES;
				CLANG_WARN_INFINITE_RECURSION = YES;
				CLANG_WARN_INT_CONVERSION = YES;
				CLANG_WARN_OBJC_ROOT_CLASS = YES_ERROR;
				CLANG_WARN_SUSPICIOUS_MOVE = YES;
				CLANG_WARN_UNREACHABLE_CODE = YES;
				CLANG_WARN__DUPLICATE_METHOD_MATCH = YES;
				"CODE_SIGN_IDENTITY[sdk=iphoneos*]" = "iPhone Developer";
				COPY_PHASE_STRIP = NO;
				DEBUG_INFORMATION_FORMAT = "dwarf-with-dsym";
				ENABLE_NS_ASSERTIONS = NO;
				ENABLE_STRICT_OBJC_MSGSEND = YES;
				GCC_C_LANGUAGE_STANDARD = gnu99;
				GCC_NO_COMMON_BLOCKS = YES;
				GCC_WARN_64_TO_32_BIT_CONVERSION = YES;
				GCC_WARN_ABOUT_RETURN_TYPE = YES_ERROR;
				GCC_WARN_UNDECLARED_SELECTOR = YES;
				GCC_WARN_UNINITIALIZED_AUTOS = YES_AGGRESSIVE;
				GCC_WARN_UNUSED_FUNCTION = YES;
				GCC_WARN_UNUSED_VARIABLE = YES;
				IPHONEOS_DEPLOYMENT_TARGET = 10.2;
				MTL_ENABLE_DEBUG_INFO = NO;
				SDKROOT = iphoneos;
				SWIFT_OPTIMIZATION_LEVEL = "-Owholemodule";
				VALIDATE_PRODUCT = YES;
			};
			name = Release;
		};
		2823B3371E09BD2000E803FF /* Debug */ = {
			isa = XCBuildConfiguration;
			buildSettings = {
				ASSETCATALOG_COMPILER_APPICON_NAME = AppIcon;
				DEVELOPMENT_TEAM = BQ64AM57S3;
				INFOPLIST_FILE = "Party Rock/Info.plist";
				IPHONEOS_DEPLOYMENT_TARGET = 10.1;
				LD_RUNPATH_SEARCH_PATHS = "$(inherited) @executable_path/Frameworks";
				PRODUCT_BUNDLE_IDENTIFIER = "billy1301.Party-Rock";
				PRODUCT_NAME = "$(TARGET_NAME)";
				SWIFT_VERSION = 3.0;
			};
			name = Debug;
		};
		2823B3381E09BD2000E803FF /* Release */ = {
			isa = XCBuildConfiguration;
			buildSettings = {
				ASSETCATALOG_COMPILER_APPICON_NAME = AppIcon;
				DEVELOPMENT_TEAM = BQ64AM57S3;
				INFOPLIST_FILE = "Party Rock/Info.plist";
				IPHONEOS_DEPLOYMENT_TARGET = 10.1;
				LD_RUNPATH_SEARCH_PATHS = "$(inherited) @executable_path/Frameworks";
				PRODUCT_BUNDLE_IDENTIFIER = "billy1301.Party-Rock";
				PRODUCT_NAME = "$(TARGET_NAME)";
				SWIFT_VERSION = 3.0;
			};
			name = Release;
		};
/* End XCBuildConfiguration section */

/* Begin XCConfigurationList section */
		2823B31F1E09BD1F00E803FF /* Build configuration list for PBXProject "Party Rock" */ = {
			isa = XCConfigurationList;
			buildConfigurations = (
				2823B3341E09BD2000E803FF /* Debug */,
				2823B3351E09BD2000E803FF /* Release */,
			);
			defaultConfigurationIsVisible = 0;
			defaultConfigurationName = Release;
		};
		2823B3361E09BD2000E803FF /* Build configuration list for PBXNativeTarget "Party Rock" */ = {
			isa = XCConfigurationList;
			buildConfigurations = (
				2823B3371E09BD2000E803FF /* Debug */,
				2823B3381E09BD2000E803FF /* Release */,
			);
			defaultConfigurationIsVisible = 0;
			defaultConfigurationName = Release;
		};
/* End XCConfigurationList section */
	};
	rootObject = 2823B31C1E09BD1F00E803FF /* Project object */;
}
